{
  "nodes": {
    "nixos-hardware": {
      "locked": {
        "lastModified": 1771423359,
        "narHash": "sha256-yRKJ7gpVmXbX2ZcA8nFi6CMPkJXZGjie2unsiMzj3Ig=",
        "owner": "NixOS",
        "repo": "nixos-hardware",
        "rev": "740a22363033e9f1bb6270fbfb5a9574067af15b",
        "type": "github"
      },
      "original": {
        "owner": "NixOS",
        "repo": "nixos-hardware",
        "type": "github"
      }
    },
    "nixpkgs": {
      "locked": {
        "lastModified": 1771714954,
        "narHash": "sha256-nhZJPnBavtu40/L2aqpljrfUNb2rxmWTmSjK2c9UKds=",
        "owner": "NixOS",
        "repo": "nixpkgs",
        "rev": "afbbf774e2087c3d734266c22f96fca2e78d3620",
        "type": "github"
      },
      "original": {
        "owner": "NixOS",
        "ref": "nixos-25.11",
        "repo": "nixpkgs",
        "type": "github"
      }
    },
    "pkcs11-proxy": {
      "flake": false,
      "locked": {
        "lastModified": 1771878626,
        "narHash": "sha256-vSZwcB5vCIDxHKmWiv6SoRn/aFay8kRZvxL9+4mvSrY=",
        "owner": "ppc-research",
        "repo": "pkcs11-proxy",
        "rev": "257e7f74162264a400eae7edb2e5b0941e6f6188",
        "type": "github"
      },
      "original": {
        "owner": "ppc-research",
        "repo": "pkcs11-proxy",
        "type": "github"
      }
    },
    "root": {
      "inputs": {
        "nixos-hardware": "nixos-hardware",
        "nixpkgs": "nixpkgs",
        "pkcs11-proxy": "pkcs11-proxy"
      }
    }
  },
  "root": "root",
  "version": 7
}
